{
  "name": "crypto-web-component",
  "version": "1.0.0",
  "lockfileVersion": 1,
  "requires": true,
  "dependencies": {
    "@tarekraafat/autocomplete.js": {
      "version": "10.2.6",
      "resolved": "https://registry.npmjs.org/@tarekraafat/autocomplete.js/-/autocomplete.js-10.2.6.tgz",
      "integrity": "sha512-M3awL75YTQVHev4XlWGRKJalwVG3MGgtNnbRdtNipcyMcAV1sfkireBM8BKL/vhFhrus+6/5KZfj/DJDu8X0mg=="
    }
  }
}
